
Microsoft Visual Studio Solution File, Format Version 12.00
# Visual Studio Version 17
VisualStudioVersion = 17.0.31903.59
MinimumVisualStudioVersion = 10.0.40219.1
Project("{2150E333-8FDC-42A3-9474-1A3956D46DE8}") = "Web", "Web", "{256F4E96-6A73-9ABE-786F-840C672A50F4}"
EndProject
Project("{FAE04EC0-301F-11D3-BF4B-00C04F79EFBC}") = "Web.Store.Api.Catalog", "Web\Web.Store.Api.Catalog\Web.Store.Api.Catalog.csproj", "{CA185EA8-7DA4-4688-9EEA-5FCE5F1D528F}"
EndProject
Project("{FAE04EC0-301F-11D3-BF4B-00C04F79EFBC}") = "Web.Store.Api.Cep", "Web\Web.Store.Api.Cep\Web.Store.Api.Cep.csproj", "{D4A13E49-AEE6-4846-9A43-8CA00B5AD666}"
EndProject
Project("{FAE04EC0-301F-11D3-BF4B-00C04F79EFBC}") = "Web.Store.Mvc", "Web\Web.Store.Mvc\Web.Store.Mvc.csproj", "{CD6F9BAA-FA2B-41B6-A48C-C7357CCE201E}"
EndProject
Project("{FAE04EC0-301F-11D3-BF4B-00C04F79EFBC}") = "Core.Store.Application", "Core\Core.Store.Application\Core.Store.Application.csproj", "{CAC5C725-189F-4A53-B02E-10BE11D7CB47}"
EndProject
Project("{FAE04EC0-301F-11D3-BF4B-00C04F79EFBC}") = "Core.Store.Domain", "Core\Core.Store.Domain\Core.Store.Domain.csproj", "{2C58BCF7-DAAF-4408-84A9-25CDDF0660BB}"
EndProject
Project("{FAE04EC0-301F-11D3-BF4B-00C04F79EFBC}") = "Infrastructure.Store.Persistence", "Infrastructure\Infrastructure.Store.Persistence\Infrastructure.Store.Persistence.csproj", "{AACCF9B8-EA20-4828-B0FC-932487E3402A}"
EndProject
Project("{FAE04EC0-301F-11D3-BF4B-00C04F79EFBC}") = "Infrastructure.Store.Integration", "Infrastructure\Infrastructure.Store.Integration\Infrastructure.Store.Integration.csproj", "{C811853A-0735-438F-9366-B7E8642B9EBD}"
EndProject
Project("{FAE04EC0-301F-11D3-BF4B-00C04F79EFBC}") = "Shared.Store.Contracts", "Shared\Shared.Store.Contracts\Shared.Store.Contracts.csproj", "{2AE418E8-2D9B-4388-8FAB-EFFEEB0C2160}"
EndProject
Global
	GlobalSection(SolutionConfigurationPlatforms) = preSolution
		Debug|Any CPU = Debug|Any CPU
		Debug|x64 = Debug|x64
		Debug|x86 = Debug|x86
		Release|Any CPU = Release|Any CPU
		Release|x64 = Release|x64
		Release|x86 = Release|x86
	EndGlobalSection
	GlobalSection(ProjectConfigurationPlatforms) = postSolution
		{CA185EA8-7DA4-4688-9EEA-5FCE5F1D528F}.Debug|Any CPU.ActiveCfg = Debug|Any CPU
		{CA185EA8-7DA4-4688-9EEA-5FCE5F1D528F}.Debug|Any CPU.Build.0 = Debug|Any CPU
		{CA185EA8-7DA4-4688-9EEA-5FCE5F1D528F}.Debug|x64.ActiveCfg = Debug|Any CPU
		{CA185EA8-7DA4-4688-9EEA-5FCE5F1D528F}.Debug|x64.Build.0 = Debug|Any CPU
		{CA185EA8-7DA4-4688-9EEA-5FCE5F1D528F}.Debug|x86.ActiveCfg = Debug|Any CPU
		{CA185EA8-7DA4-4688-9EEA-5FCE5F1D528F}.Debug|x86.Build.0 = Debug|Any CPU
		{CA185EA8-7DA4-4688-9EEA-5FCE5F1D528F}.Release|Any CPU.ActiveCfg = Release|Any CPU
		{CA185EA8-7DA4-4688-9EEA-5FCE5F1D528F}.Release|Any CPU.Build.0 = Release|Any CPU
		{CA185EA8-7DA4-4688-9EEA-5FCE5F1D528F}.Release|x64.ActiveCfg = Release|Any CPU
		{CA185EA8-7DA4-4688-9EEA-5FCE5F1D528F}.Release|x64.Build.0 = Release|Any CPU
		{CA185EA8-7DA4-4688-9EEA-5FCE5F1D528F}.Release|x86.ActiveCfg = Release|Any CPU
		{CA185EA8-7DA4-4688-9EEA-5FCE5F1D528F}.Release|x86.Build.0 = Release|Any CPU
		{D4A13E49-AEE6-4846-9A43-8CA00B5AD666}.Debug|Any CPU.ActiveCfg = Debug|Any CPU
		{D4A13E49-AEE6-4846-9A43-8CA00B5AD666}.Debug|Any CPU.Build.0 = Debug|Any CPU
		{D4A13E49-AEE6-4846-9A43-8CA00B5AD666}.Debug|x64.ActiveCfg = Debug|Any CPU
		{D4A13E49-AEE6-4846-9A43-8CA00B5AD666}.Debug|x64.Build.0 = Debug|Any CPU
		{D4A13E49-AEE6-4846-9A43-8CA00B5AD666}.Debug|x86.ActiveCfg = Debug|Any CPU
		{D4A13E49-AEE6-4846-9A43-8CA00B5AD666}.Debug|x86.Build.0 = Debug|Any CPU
		{D4A13E49-AEE6-4846-9A43-8CA00B5AD666}.Release|Any CPU.ActiveCfg = Release|Any CPU
		{D4A13E49-AEE6-4846-9A43-8CA00B5AD666}.Release|Any CPU.Build.0 = Release|Any CPU
		{D4A13E49-AEE6-4846-9A43-8CA00B5AD666}.Release|x64.ActiveCfg = Release|Any CPU
		{D4A13E49-AEE6-4846-9A43-8CA00B5AD666}.Release|x64.Build.0 = Release|Any CPU
		{D4A13E49-AEE6-4846-9A43-8CA00B5AD666}.Release|x86.ActiveCfg = Release|Any CPU
		{D4A13E49-AEE6-4846-9A43-8CA00B5AD666}.Release|x86.Build.0 = Release|Any CPU
		{CD6F9BAA-FA2B-41B6-A48C-C7357CCE201E}.Debug|Any CPU.ActiveCfg = Debug|Any CPU
		{CD6F9BAA-FA2B-41B6-A48C-C7357CCE201E}.Debug|Any CPU.Build.0 = Debug|Any CPU
		{CD6F9BAA-FA2B-41B6-A48C-C7357CCE201E}.Debug|x64.ActiveCfg = Debug|Any CPU
		{CD6F9BAA-FA2B-41B6-A48C-C7357CCE201E}.Debug|x64.Build.0 = Debug|Any CPU
		{CD6F9BAA-FA2B-41B6-A48C-C7357CCE201E}.Debug|x86.ActiveCfg = Debug|Any CPU
		{CD6F9BAA-FA2B-41B6-A48C-C7357CCE201E}.Debug|x86.Build.0 = Debug|Any CPU
		{CD6F9BAA-FA2B-41B6-A48C-C7357CCE201E}.Release|Any CPU.ActiveCfg = Release|Any CPU
		{CD6F9BAA-FA2B-41B6-A48C-C7357CCE201E}.Release|Any CPU.Build.0 = Release|Any CPU
		{CD6F9BAA-FA2B-41B6-A48C-C7357CCE201E}.Release|x64.ActiveCfg = Release|Any CPU
		{CD6F9BAA-FA2B-41B6-A48C-C7357CCE201E}.Release|x64.Build.0 = Release|Any CPU
		{CD6F9BAA-FA2B-41B6-A48C-C7357CCE201E}.Release|x86.ActiveCfg = Release|Any CPU
		{CD6F9BAA-FA2B-41B6-A48C-C7357CCE201E}.Release|x86.Build.0 = Release|Any CPU
		{CAC5C725-189F-4A53-B02E-10BE11D7CB47}.Debug|Any CPU.ActiveCfg = Debug|Any CPU
		{CAC5C725-189F-4A53-B02E-10BE11D7CB47}.Debug|Any CPU.Build.0 = Debug|Any CPU
		{CAC5C725-189F-4A53-B02E-10BE11D7CB47}.Debug|x64.ActiveCfg = Debug|Any CPU
		{CAC5C725-189F-4A53-B02E-10BE11D7CB47}.Debug|x64.Build.0 = Debug|Any CPU
		{CAC5C725-189F-4A53-B02E-10BE11D7CB47}.Debug|x86.ActiveCfg = Debug|Any CPU
		{CAC5C725-189F-4A53-B02E-10BE11D7CB47}.Debug|x86.Build.0 = Debug|Any CPU
		{CAC5C725-189F-4A53-B02E-10BE11D7CB47}.Release|Any CPU.ActiveCfg = Release|Any CPU
		{CAC5C725-189F-4A53-B02E-10BE11D7CB47}.Release|Any CPU.Build.0 = Release|Any CPU
		{CAC5C725-189F-4A53-B02E-10BE11D7CB47}.Release|x64.ActiveCfg = Release|Any CPU
		{CAC5C725-189F-4A53-B02E-10BE11D7CB47}.Release|x64.Build.0 = Release|Any CPU
		{CAC5C725-189F-4A53-B02E-10BE11D7CB47}.Release|x86.ActiveCfg = Release|Any CPU
		{CAC5C725-189F-4A53-B02E-10BE11D7CB47}.Release|x86.Build.0 = Release|Any CPU
		{2C58BCF7-DAAF-4408-84A9-25CDDF0660BB}.Debug|Any CPU.ActiveCfg = Debug|Any CPU
		{2C58BCF7-DAAF-4408-84A9-25CDDF0660BB}.Debug|Any CPU.Build.0 = Debug|Any CPU
		{2C58BCF7-DAAF-4408-84A9-25CDDF0660BB}.Debug|x64.ActiveCfg = Debug|Any CPU
		{2C58BCF7-DAAF-4408-84A9-25CDDF0660BB}.Debug|x64.Build.0 = Debug|Any CPU
		{2C58BCF7-DAAF-4408-84A9-25CDDF0660BB}.Debug|x86.ActiveCfg = Debug|Any CPU
		{2C58BCF7-DAAF-4408-84A9-25CDDF0660BB}.Debug|x86.Build.0 = Debug|Any CPU
		{2C58BCF7-DAAF-4408-84A9-25CDDF0660BB}.Release|Any CPU.ActiveCfg = Release|Any CPU
		{2C58BCF7-DAAF-4408-84A9-25CDDF0660BB}.Release|Any CPU.Build.0 = Release|Any CPU
		{2C58BCF7-DAAF-4408-84A9-25CDDF0660BB}.Release|x64.ActiveCfg = Release|Any CPU
		{2C58BCF7-DAAF-4408-84A9-25CDDF0660BB}.Release|x64.Build.0 = Release|Any CPU
		{2C58BCF7-DAAF-4408-84A9-25CDDF0660BB}.Release|x86.ActiveCfg = Release|Any CPU
		{2C58BCF7-DAAF-4408-84A9-25CDDF0660BB}.Release|x86.Build.0 = Release|Any CPU
		{AACCF9B8-EA20-4828-B0FC-932487E3402A}.Debug|Any CPU.ActiveCfg = Debug|Any CPU
		{AACCF9B8-EA20-4828-B0FC-932487E3402A}.Debug|Any CPU.Build.0 = Debug|Any CPU
		{AACCF9B8-EA20-4828-B0FC-932487E3402A}.Debug|x64.ActiveCfg = Debug|Any CPU
		{AACCF9B8-EA20-4828-B0FC-932487E3402A}.Debug|x64.Build.0 = Debug|Any CPU
		{AACCF9B8-EA20-4828-B0FC-932487E3402A}.Debug|x86.ActiveCfg = Debug|Any CPU
		{AACCF9B8-EA20-4828-B0FC-932487E3402A}.Debug|x86.Build.0 = Debug|Any CPU
		{AACCF9B8-EA20-4828-B0FC-932487E3402A}.Release|Any CPU.ActiveCfg = Release|Any CPU
		{AACCF9B8-EA20-4828-B0FC-932487E3402A}.Release|Any CPU.Build.0 = Release|Any CPU
		{AACCF9B8-EA20-4828-B0FC-932487E3402A}.Release|x64.ActiveCfg = Release|Any CPU
		{AACCF9B8-EA20-4828-B0FC-932487E3402A}.Release|x64.Build.0 = Release|Any CPU
		{AACCF9B8-EA20-4828-B0FC-932487E3402A}.Release|x86.ActiveCfg = Release|Any CPU
		{AACCF9B8-EA20-4828-B0FC-932487E3402A}.Release|x86.Build.0 = Release|Any CPU
		{C811853A-0735-438F-9366-B7E8642B9EBD}.Debug|Any CPU.ActiveCfg = Debug|Any CPU
		{C811853A-0735-438F-9366-B7E8642B9EBD}.Debug|Any CPU.Build.0 = Debug|Any CPU
		{C811853A-0735-438F-9366-B7E8642B9EBD}.Debug|x64.ActiveCfg = Debug|Any CPU
		{C811853A-0735-438F-9366-B7E8642B9EBD}.Debug|x64.Build.0 = Debug|Any CPU
		{C811853A-0735-438F-9366-B7E8642B9EBD}.Debug|x86.ActiveCfg = Debug|Any CPU
		{C811853A-0735-438F-9366-B7E8642B9EBD}.Debug|x86.Build.0 = Debug|Any CPU
		{C811853A-0735-438F-9366-B7E8642B9EBD}.Release|Any CPU.ActiveCfg = Release|Any CPU
		{C811853A-0735-438F-9366-B7E8642B9EBD}.Release|Any CPU.Build.0 = Release|Any CPU
		{C811853A-0735-438F-9366-B7E8642B9EBD}.Release|x64.ActiveCfg = Release|Any CPU
		{C811853A-0735-438F-9366-B7E8642B9EBD}.Release|x64.Build.0 = Release|Any CPU
		{C811853A-0735-438F-9366-B7E8642B9EBD}.Release|x86.ActiveCfg = Release|Any CPU
		{C811853A-0735-438F-9366-B7E8642B9EBD}.Release|x86.Build.0 = Release|Any CPU
		{2AE418E8-2D9B-4388-8FAB-EFFEEB0C2160}.Debug|Any CPU.ActiveCfg = Debug|Any CPU
		{2AE418E8-2D9B-4388-8FAB-EFFEEB0C2160}.Debug|Any CPU.Build.0 = Debug|Any CPU
		{2AE418E8-2D9B-4388-8FAB-EFFEEB0C2160}.Debug|x64.ActiveCfg = Debug|Any CPU
		{2AE418E8-2D9B-4388-8FAB-EFFEEB0C2160}.Debug|x64.Build.0 = Debug|Any CPU
		{2AE418E8-2D9B-4388-8FAB-EFFEEB0C2160}.Debug|x86.ActiveCfg = Debug|Any CPU
		{2AE418E8-2D9B-4388-8FAB-EFFEEB0C2160}.Debug|x86.Build.0 = Debug|Any CPU
		{2AE418E8-2D9B-4388-8FAB-EFFEEB0C2160}.Release|Any CPU.ActiveCfg = Release|Any CPU
		{2AE418E8-2D9B-4388-8FAB-EFFEEB0C2160}.Release|Any CPU.Build.0 = Release|Any CPU
		{2AE418E8-2D9B-4388-8FAB-EFFEEB0C2160}.Release|x64.ActiveCfg = Release|Any CPU
		{2AE418E8-2D9B-4388-8FAB-EFFEEB0C2160}.Release|x64.Build.0 = Release|Any CPU
		{2AE418E8-2D9B-4388-8FAB-EFFEEB0C2160}.Release|x86.ActiveCfg = Release|Any CPU
		{2AE418E8-2D9B-4388-8FAB-EFFEEB0C2160}.Release|x86.Build.0 = Release|Any CPU
	EndGlobalSection
	GlobalSection(SolutionProperties) = preSolution
		HideSolutionNode = FALSE
	EndGlobalSection
	GlobalSection(NestedProjects) = preSolution
		{CA185EA8-7DA4-4688-9EEA-5FCE5F1D528F} = {256F4E96-6A73-9ABE-786F-840C672A50F4}
		{D4A13E49-AEE6-4846-9A43-8CA00B5AD666} = {256F4E96-6A73-9ABE-786F-840C672A50F4}
		{CD6F9BAA-FA2B-41B6-A48C-C7357CCE201E} = {256F4E96-6A73-9ABE-786F-840C672A50F4}
		{CAC5C725-189F-4A53-B02E-10BE11D7CB47} = {256F4E96-6A73-9ABE-786F-840C672A50F4}
		{2C58BCF7-DAAF-4408-84A9-25CDDF0660BB} = {256F4E96-6A73-9ABE-786F-840C672A50F4}
		{AACCF9B8-EA20-4828-B0FC-932487E3402A} = {256F4E96-6A73-9ABE-786F-840C672A50F4}
		{C811853A-0735-438F-9366-B7E8642B9EBD} = {256F4E96-6A73-9ABE-786F-840C672A50F4}
		{2AE418E8-2D9B-4388-8FAB-EFFEEB0C2160} = {256F4E96-6A73-9ABE-786F-840C672A50F4}
	EndGlobalSection
EndGlobal
